// !$*UTF8*$!
{
	archiveVersion = 1;
	classes = {
	};
	objectVersion = 50;
	objects = {

/* Begin PBXBuildFile section */
		2526BA7D2642D8B5006F07BF /* AppDelegate.swift in Sources */ = {isa = PBXBuildFile; fileRef = 2526BA7C2642D8B5006F07BF /* AppDelegate.swift */; };
		2526BA7F2642D8B5006F07BF /* SceneDelegate.swift in Sources */ = {isa = PBXBuildFile; fileRef = 2526BA7E2642D8B5006F07BF /* SceneDelegate.swift */; };
		2526BA812642D8B5006F07BF /* ViewController.swift in Sources */ = {isa = PBXBuildFile; fileRef = 2526BA802642D8B5006F07BF /* ViewController.swift */; };
		2526BA842642D8B5006F07BF /* Main.storyboard in Resources */ = {isa = PBXBuildFile; fileRef = 2526BA822642D8B5006F07BF /* Main.storyboard */; };
		2526BA862642D8B7006F07BF /* Assets.xcassets in Resources */ = {isa = PBXBuildFile; fileRef = 2526BA852642D8B7006F07BF /* Assets.xcassets */; };
		2526BA892642D8B7006F07BF /* LaunchScreen.storyboard in Resources */ = {isa = PBXBuildFile; fileRef = 2526BA872642D8B7006F07BF /* LaunchScreen.storyboard */; };
		2526BA912642D982006F07BF /* Inceptionv3.mlmodel in Sources */ = {isa = PBXBuildFile; fileRef = 2526BA902642D982006F07BF /* Inceptionv3.mlmodel */; };
		25388635264751DF005997D2 /* Hotdog real.m4a in Resources */ = {isa = PBXBuildFile; fileRef = 25388634264751DF005997D2 /* Hotdog real.m4a */; };
		25BD27312647543400D3EFAC /* Real Not Hotdog.m4a in Resources */ = {isa = PBXBuildFile; fileRef = 25BD27302647543400D3EFAC /* Real Not Hotdog.m4a */; };
		E7DF16D7FEFB54DE53485F71 /* Pods_Not_Hotdog_.framework in Frameworks */ = {isa = PBXBuildFile; fileRef = E0593D85EAEEFA64FD5FF165 /* Pods_Not_Hotdog_.framework */; };
/* End PBXBuildFile section */

/* Begin PBXFileReference section */
		2526BA792642D8B5006F07BF /* Not Hotdog?.app */ = {isa = PBXFileReference; explicitFileType = wrapper.application; includeInIndex = 0; path = "Not Hotdog?.app"; sourceTree = BUILT_PRODUCTS_DIR; };
		2526BA7C2642D8B5006F07BF /* AppDelegate.swift */ = {isa = PBXFileReference; lastKnownFileType = sourcecode.swift; path = AppDelegate.swift; sourceTree = "<group>"; };
		2526BA7E2642D8B5006F07BF /* SceneDelegate.swift */ = {isa = PBXFileReference; lastKnownFileType = sourcecode.swift; path = SceneDelegate.swift; sourceTree = "<group>"; };
		2526BA802642D8B5006F07BF /* ViewController.swift */ = {isa = PBXFileReference; lastKnownFileType = sourcecode.swift; path = ViewController.swift; sourceTree = "<group>"; };
		2526BA832642D8B5006F07BF /* Base */ = {isa = PBXFileReference; lastKnownFileType = file.storyboard; name = Base; path = Base.lproj/Main.storyboard; sourceTree = "<group>"; };
		2526BA852642D8B7006F07BF /* Assets.xcassets */ = {isa = PBXFileReference; lastKnownFileType = folder.assetcatalog; path = Assets.xcassets; sourceTree = "<group>"; };
		2526BA882642D8B7006F07BF /* Base */ = {isa = PBXFileReference; lastKnownFileType = file.storyboard; name = Base; path = Base.lproj/LaunchScreen.storyboard; sourceTree = "<group>"; };
		2526BA8A2642D8B7006F07BF /* Info.plist */ = {isa = PBXFileReference; lastKnownFileType = text.plist.xml; path = Info.plist; sourceTree = "<group>"; };
		2526BA902642D982006F07BF /* Inceptionv3.mlmodel */ = {isa = PBXFileReference; lastKnownFileType = file.mlmodel; path = Inceptionv3.mlmodel; sourceTree = "<group>"; };
		25388634264751DF005997D2 /* Hotdog real.m4a */ = {isa = PBXFileReference; lastKnownFileType = file; path = "Hotdog real.m4a"; sourceTree = "<group>"; };
		25BD27302647543400D3EFAC /* Real Not Hotdog.m4a */ = {isa = PBXFileReference; lastKnownFileType = file; path = "Real Not Hotdog.m4a"; sourceTree = "<group>"; };
		3CC5F241AAEFCE49EA2476BC /* Pods-Not Hotdog?.release.xcconfig */ = {isa = PBXFileReference; includeInIndex = 1; lastKnownFileType = text.xcconfig; name = "Pods-Not Hotdog?.release.xcconfig"; path = "Target Support Files/Pods-Not Hotdog?/Pods-Not Hotdog?.release.xcconfig"; sourceTree = "<group>"; };
		E0593D85EAEEFA64FD5FF165 /* Pods_Not_Hotdog_.framework */ = {isa = PBXFileReference; explicitFileType = wrapper.framework; includeInIndex = 0; path = Pods_Not_Hotdog_.framework; sourceTree = BUILT_PRODUCTS_DIR; };
		F245533F1F13292A60176CE4 /* Pods-Not Hotdog?.debug.xcconfig */ = {isa = PBXFileReference; includeInIndex = 1; lastKnownFileType = text.xcconfig; name = "Pods-Not Hotdog?.debug.xcconfig"; path = "Target Support Files/Pods-Not Hotdog?/Pods-Not Hotdog?.debug.xcconfig"; sourceTree = "<group>"; };
/* End PBXFileReference section */

/* Begin PBXFrameworksBuildPhase section */
		2526BA762642D8B5006F07BF /* Frameworks */ = {
			isa = PBXFrameworksBuildPhase;
			buildActionMask = 2147483647;
			files = (
				E7DF16D7FEFB54DE53485F71 /* Pods_Not_Hotdog_.framework in Frameworks */,
			);
			runOnlyForDeploymentPostprocessing = 0;
		};
/* End PBXFrameworksBuildPhase section */

/* Begin PBXGroup section */
		0CD165DBD80709622CAC3AA2 /* Frameworks */ = {
			isa = PBXGroup;
			children = (
				E0593D85EAEEFA64FD5FF165 /* Pods_Not_Hotdog_.framework */,
			);
			name = Frameworks;
			sourceTree = "<group>";
		};
		1ACE79AA797FF3934FF891AD /* Pods */ = {
			isa = PBXGroup;
			children = (
				F245533F1F13292A60176CE4 /* Pods-Not Hotdog?.debug.xcconfig */,
				3CC5F241AAEFCE49EA2476BC /* Pods-Not Hotdog?.release.xcconfig */,
			);
			name = Pods;
			path = Pods;
			sourceTree = "<group>";
		};
		251131122645E77C000D1E9D /* Audio */ = {
			isa = PBXGroup;
			children = (
				25BD27302647543400D3EFAC /* Real Not Hotdog.m4a */,
				25388634264751DF005997D2 /* Hotdog real.m4a */,
			);
			path = Audio;
			sourceTree = "<group>";
		};
		2526BA702642D8B5006F07BF = {
			isa = PBXGroup;
			children = (
				2526BA7B2642D8B5006F07BF /* Not Hotdog? */,
				2526BA7A2642D8B5006F07BF /* Products */,
				1ACE79AA797FF3934FF891AD /* Pods */,
				0CD165DBD80709622CAC3AA2 /* Frameworks */,
			);
			sourceTree = "<group>";
		};
		2526BA7A2642D8B5006F07BF /* Products */ = {
			isa = PBXGroup;
			children = (
				2526BA792642D8B5006F07BF /* Not Hotdog?.app */,
			);
			name = Products;
			sourceTree = "<group>";
		};
		2526BA7B2642D8B5006F07BF /* Not Hotdog? */ = {
			isa = PBXGroup;
			children = (
				2526BA7C2642D8B5006F07BF /* AppDelegate.swift */,
				2526BA7E2642D8B5006F07BF /* SceneDelegate.swift */,
				2526BA802642D8B5006F07BF /* ViewController.swift */,
				2526BA822642D8B5006F07BF /* Main.storyboard */,
				2526BA852642D8B7006F07BF /* Assets.xcassets */,
				251131122645E77C000D1E9D /* Audio */,
				2526BA872642D8B7006F07BF /* LaunchScreen.storyboard */,
				2526BA8A2642D8B7006F07BF /* Info.plist */,
				2526BA902642D982006F07BF /* Inceptionv3.mlmodel */,
			);
			path = "Not Hotdog?";
			sourceTree = "<group>";
		};
/* End PBXGroup section */

/* Begin PBXNativeTarget section */
		2526BA782642D8B5006F07BF /* Not Hotdog? */ = {
			isa = PBXNativeTarget;
			buildConfigurationList = 2526BA8D2642D8B7006F07BF /* Build configuration list for PBXNativeTarget "Not Hotdog?" */;
			buildPhases = (
				472EB812795708986762B2B7 /* [CP] Check Pods Manifest.lock */,
				2526BA752642D8B5006F07BF /* Sources */,
				2526BA762642D8B5006F07BF /* Frameworks */,
				2526BA772642D8B5006F07BF /* Resources */,
				B860CD697D724B12F8335933 /* [CP] Embed Pods Frameworks */,
			);
			buildRules = (
			);
			dependencies = (
			);
			name = "Not Hotdog?";
			productName = SeeFood;
			productReference = 2526BA792642D8B5006F07BF /* Not Hotdog?.app */;
			productType = "com.apple.product-type.application";
		};
/* End PBXNativeTarget section */

/* Begin PBXProject section */
		2526BA712642D8B5006F07BF /* Project object */ = {
			isa = PBXProject;
			attributes = {
				LastSwiftUpdateCheck = 1250;
				LastUpgradeCheck = 1250;
				TargetAttributes = {
					2526BA782642D8B5006F07BF = {
						CreatedOnToolsVersion = 12.5;
					};
				};
			};
			buildConfigurationList = 2526BA742642D8B5006F07BF /* Build configuration list for PBXProject "Not Hotdog?" */;
			compatibilityVersion = "Xcode 9.3";
			developmentRegion = en;
			hasScannedForEncodings = 0;
			knownRegions = (
				en,
				Base,
			);
			mainGroup = 2526BA702642D8B5006F07BF;
			productRefGroup = 2526BA7A2642D8B5006F07BF /* Products */;
			projectDirPath = "";
			projectRoot = "";
			targets = (
				2526BA782642D8B5006F07BF /* Not Hotdog? */,
			);
		};
/* End PBXProject section */

/* Begin PBXResourcesBuildPhase section */
		2526BA772642D8B5006F07BF /* Resources */ = {
			isa = PBXResourcesBuildPhase;
			buildActionMask = 2147483647;
			files = (
				25388635264751DF005997D2 /* Hotdog real.m4a in Resources */,
				2526BA892642D8B7006F07BF /* LaunchScreen.storyboard in Resources */,
				25BD27312647543400D3EFAC /* Real Not Hotdog.m4a in Resources */,
				2526BA862642D8B7006F07BF /* Assets.xcassets in Resources */,
				2526BA842642D8B5006F07BF /* Main.storyboard in Resources */,
			);
			runOnlyForDeploymentPostprocessing = 0;
		};
/* End PBXResourcesBuildPhase section */

/* Begin PBXShellScriptBuildPhase section */
		472EB812795708986762B2B7 /* [CP] Check Pods Manifest.lock */ = {
			isa = PBXShellScriptBuildPhase;
			buildActionMask = 2147483647;
			files = (
			);
			inputFileListPaths = (
			);
			inputPaths = (
				"${PODS_PODFILE_DIR_PATH}/Podfile.lock",
				"${PODS_ROOT}/Manifest.lock",
			);
			name = "[CP] Check Pods Manifest.lock";
			outputFileListPaths = (
			);
			outputPaths = (
				"$(DERIVED_FILE_DIR)/Pods-Not Hotdog?-checkManifestLockResult.txt",
			);
			runOnlyForDeploymentPostprocessing = 0;
			shellPath = /bin/sh;
			shellScript = "diff \"${PODS_PODFILE_DIR_PATH}/Podfile.lock\" \"${PODS_ROOT}/Manifest.lock\" > /dev/null\nif [ $? != 0 ] ; then\n    # print error to STDERR\n    echo \"error: The sandbox is not in sync with the Podfile.lock. Run 'pod install' or update your CocoaPods installation.\" >&2\n    exit 1\nfi\n# This output is used by Xcode 'outputs' to avoid re-running this script phase.\necho \"SUCCESS\" > \"${SCRIPT_OUTPUT_FILE_0}\"\n";
			showEnvVarsInLog = 0;
		};
		B860CD697D724B12F8335933 /* [CP] Embed Pods Frameworks */ = {
			isa = PBXShellScriptBuildPhase;
			buildActionMask = 2147483647;
			files = (
			);
			inputFileListPaths = (
				"${PODS_ROOT}/Target Support Files/Pods-Not Hotdog?/Pods-Not Hotdog?-frameworks-${CONFIGURATION}-input-files.xcfilelist",
			);
			name = "[CP] Embed Pods Frameworks";
			outputFileListPaths = (
				"${PODS_ROOT}/Target Support Files/Pods-Not Hotdog?/Pods-Not Hotdog?-frameworks-${CONFIGURATION}-output-files.xcfilelist",
			);
			runOnlyForDeploymentPostprocessing = 0;
			shellPath = /bin/sh;
			shellScript = "\"${PODS_ROOT}/Target Support Files/Pods-Not Hotdog?/Pods-Not Hotdog?-frameworks.sh\"\n";
			showEnvVarsInLog = 0;
		};
/* End PBXShellScriptBuildPhase section */

/* Begin PBXSourcesBuildPhase section */
		2526BA752642D8B5006F07BF /* Sources */ = {
			isa = PBXSourcesBuildPhase;
			buildActionMask = 2147483647;
			files = (
				2526BA812642D8B5006F07BF /* ViewController.swift in Sources */,
				2526BA912642D982006F07BF /* Inceptionv3.mlmodel in Sources */,
				2526BA7D2642D8B5006F07BF /* AppDelegate.swift in Sources */,
				2526BA7F2642D8B5006F07BF /* SceneDelegate.swift in Sources */,
			);
			runOnlyForDeploymentPostprocessing = 0;
		};
/* End PBXSourcesBuildPhase section */

/* Begin PBXVariantGroup section */
		2526BA822642D8B5006F07BF /* Main.storyboard */ = {
			isa = PBXVariantGroup;
			children = (
				2526BA832642D8B5006F07BF /* Base */,
			);
			name = Main.storyboard;
			sourceTree = "<group>";
		};
		2526BA872642D8B7006F07BF /* LaunchScreen.storyboard */ = {
			isa = PBXVariantGroup;
			children = (
				2526BA882642D8B7006F07BF /* Base */,
			);
			name = LaunchScreen.storyboard;
			sourceTree = "<group>";
		};
/* End PBXVariantGroup section */

/* Begin XCBuildConfiguration section */
		2526BA8B2642D8B7006F07BF /* Debug */ = {
			isa = XCBuildConfiguration;
			buildSettings = {
				ALWAYS_SEARCH_USER_PATHS = NO;
				CLANG_ANALYZER_NONNULL = YES;
				CLANG_ANALYZER_NUMBER_OBJECT_CONVERSION = YES_AGGRESSIVE;
				CLANG_CXX_LANGUAGE_STANDARD = "gnu++14";
				CLANG_CXX_LIBRARY = "libc++";
				CLANG_ENABLE_MODULES = YES;
				CLANG_ENABLE_OBJC_ARC = YES;
				CLANG_ENABLE_OBJC_WEAK = YES;
				CLANG_WARN_BLOCK_CAPTURE_AUTORELEASING = YES;
				CLANG_WARN_BOOL_CONVERSION = YES;
				CLANG_WARN_COMMA = YES;
				CLANG_WARN_CONSTANT_CONVERSION = YES;
				CLANG_WARN_DEPRECATED_OBJC_IMPLEMENTATIONS = YES;
				CLANG_WARN_DIRECT_OBJC_ISA_USAGE = YES_ERROR;
				CLANG_WARN_DOCUMENTATION_COMMENTS = YES;
				CLANG_WARN_EMPTY_BODY = YES;
				CLANG_WARN_ENUM_CONVERSION = YES;
				CLANG_WARN_INFINITE_RECURSION = YES;
				CLANG_WARN_INT_CONVERSION = YES;
				CLANG_WARN_NON_LITERAL_NULL_CONVERSION = YES;
				CLANG_WARN_OBJC_IMPLICIT_RETAIN_SELF = YES;
				CLANG_WARN_OBJC_LITERAL_CONVERSION = YES;
				CLANG_WARN_OBJC_ROOT_CLASS = YES_ERROR;
				CLANG_WARN_QUOTED_INCLUDE_IN_FRAMEWORK_HEADER = YES;
				CLANG_WARN_RANGE_LOOP_ANALYSIS = YES;
				CLANG_WARN_STRICT_PROTOTYPES = YES;
				CLANG_WARN_SUSPICIOUS_MOVE = YES;
				CLANG_WARN_UNGUARDED_AVAILABILITY = YES_AGGRESSIVE;
				CLANG_WARN_UNREACHABLE_CODE = YES;
				CLANG_WARN__DUPLICATE_METHOD_MATCH = YES;
				COPY_PHASE_STRIP = NO;
				DEBUG_INFORMATION_FORMAT = dwarf;
				ENABLE_STRICT_OBJC_MSGSEND = YES;
				ENABLE_TESTABILITY = YES;
				GCC_C_LANGUAGE_STANDARD = gnu11;
				GCC_DYNAMIC_NO_PIC = NO;
				GCC_NO_COMMON_BLOCKS = YES;
				GCC_OPTIMIZATION_LEVEL = 0;
				GCC_PREPROCESSOR_DEFINITIONS = (
					"DEBUG=1",
					"$(inherited)",
				);
				GCC_WARN_64_TO_32_BIT_CONVERSION = YES;
				GCC_WARN_ABOUT_RETURN_TYPE = YES_ERROR;
				GCC_WARN_UNDECLARED_SELECTOR = YES;
				GCC_WARN_UNINITIALIZED_AUTOS = YES_AGGRESSIVE;
				GCC_WARN_UNUSED_FUNCTION = YES;
				GCC_WARN_UNUSED_VARIABLE = YES;
				IPHONEOS_DEPLOYMENT_TARGET = 14.5;
				MTL_ENABLE_DEBUG_INFO = INCLUDE_SOURCE;
				MTL_FAST_MATH = YES;
				ONLY_ACTIVE_ARCH = YES;
				SDKROOT = iphoneos;
				SWIFT_ACTIVE_COMPILATION_CONDITIONS = DEBUG;
				SWIFT_OPTIMIZATION_LEVEL = "-Onone";
			};
			name = Debug;
		};
		2526BA8C2642D8B7006F07BF /* Release */ = {
			isa = XCBuildConfiguration;
			buildSettings = {
				ALWAYS_SEARCH_USER_PATHS = NO;
				CLANG_ANALYZER_NONNULL = YES;
				CLANG_ANALYZER_NUMBER_OBJECT_CONVERSION = YES_AGGRESSIVE;
				CLANG_CXX_LANGUAGE_STANDARD = "gnu++14";
				CLANG_CXX_LIBRARY = "libc++";
				CLANG_ENABLE_MODULES = YES;
				CLANG_ENABLE_OBJC_ARC = YES;
				CLANG_ENABLE_OBJC_WEAK = YES;
				CLANG_WARN_BLOCK_CAPTURE_AUTORELEASING = YES;
				CLANG_WARN_BOOL_CONVERSION = YES;
				CLANG_WARN_COMMA = YES;
				CLANG_WARN_CONSTANT_CONVERSION = YES;
				CLANG_WARN_DEPRECATED_OBJC_IMPLEMENTATIONS = YES;
				CLANG_WARN_DIRECT_OBJC_ISA_USAGE = YES_ERROR;
				CLANG_WARN_DOCUMENTATION_COMMENTS = YES;
				CLANG_WARN_EMPTY_BODY = YES;
				CLANG_WARN_ENUM_CONVERSION = YES;
				CLANG_WARN_INFINITE_RECURSION = YES;
				CLANG_WARN_INT_CONVERSION = YES;
				CLANG_WARN_NON_LITERAL_NULL_CONVERSION = YES;
				CLANG_WARN_OBJC_IMPLICIT_RETAIN_SELF = YES;
				CLANG_WARN_OBJC_LITERAL_CONVERSION = YES;
				CLANG_WARN_OBJC_ROOT_CLASS = YES_ERROR;
				CLANG_WARN_QUOTED_INCLUDE_IN_FRAMEWORK_HEADER = YES;
				CLANG_WARN_RANGE_LOOP_ANALYSIS = YES;
				CLANG_WARN_STRICT_PROTOTYPES = YES;
				CLANG_WARN_SUSPICIOUS_MOVE = YES;
				CLANG_WARN_UNGUARDED_AVAILABILITY = YES_AGGRESSIVE;
				CLANG_WARN_UNREACHABLE_CODE = YES;
				CLANG_WARN__DUPLICATE_METHOD_MATCH = YES;
				COPY_PHASE_STRIP = NO;
				DEBUG_INFORMATION_FORMAT = "dwarf-with-dsym";
				ENABLE_NS_ASSERTIONS = NO;
				ENABLE_STRICT_OBJC_MSGSEND = YES;
				GCC_C_LANGUAGE_STANDARD = gnu11;
				GCC_NO_COMMON_BLOCKS = YES;
				GCC_WARN_64_TO_32_BIT_CONVERSION = YES;
				GCC_WARN_ABOUT_RETURN_TYPE = YES_ERROR;
				GCC_WARN_UNDECLARED_SELECTOR = YES;
				GCC_WARN_UNINITIALIZED_AUTOS = YES_AGGRESSIVE;
				GCC_WARN_UNUSED_FUNCTION = YES;
				GCC_WARN_UNUSED_VARIABLE = YES;
				IPHONEOS_DEPLOYMENT_TARGET = 14.5;
				MTL_ENABLE_DEBUG_INFO = NO;
				MTL_FAST_MATH = YES;
				SDKROOT = iphoneos;
				SWIFT_COMPILATION_MODE = wholemodule;
				SWIFT_OPTIMIZATION_LEVEL = "-O";
				VALIDATE_PRODUCT = YES;
			};
			name = Release;
		};
		2526BA8E2642D8B7006F07BF /* Debug */ = {
			isa = XCBuildConfiguration;
			baseConfigurationReference = F245533F1F13292A60176CE4 /* Pods-Not Hotdog?.debug.xcconfig */;
			buildSettings = {
				ASSETCATALOG_COMPILER_APPICON_NAME = AppIcon;
				ASSETCATALOG_COMPILER_GLOBAL_ACCENT_COLOR_NAME = AccentColor;
				CODE_SIGN_STYLE = Automatic;
				DEVELOPMENT_TEAM = 4RVDGMAVH9;
				INFOPLIST_FILE = "$(SRCROOT)/Not Hotdog?/Info.plist";
				LD_RUNPATH_SEARCH_PATHS = (
					"$(inherited)",
					"@executable_path/Frameworks",
				);
				PRODUCT_BUNDLE_IDENTIFIER = com.michaeleinman.SeeFood;
				PRODUCT_NAME = "$(TARGET_NAME)";
				SWIFT_VERSION = 5.0;
				TARGETED_DEVICE_FAMILY = "1,2";
			};
			name = Debug;
		};
		2526BA8F2642D8B7006F07BF /* Release */ = {
			isa = XCBuildConfiguration;
			baseConfigurationReference = 3CC5F241AAEFCE49EA2476BC /* Pods-Not Hotdog?.release.xcconfig */;
			buildSettings = {
				ASSETCATALOG_COMPILER_APPICON_NAME = AppIcon;
				ASSETCATALOG_COMPILER_GLOBAL_ACCENT_COLOR_NAME = AccentColor;
				CODE_SIGN_STYLE = Automatic;
				DEVELOPMENT_TEAM = 4RVDGMAVH9;
				INFOPLIST_FILE = "$(SRCROOT)/Not Hotdog?/Info.plist";
				LD_RUNPATH_SEARCH_PATHS = (
					"$(inherited)",
					"@executable_path/Frameworks",
				);
				PRODUCT_BUNDLE_IDENTIFIER = com.michaeleinman.SeeFood;
				PRODUCT_NAME = "$(TARGET_NAME)";
				SWIFT_VERSION = 5.0;
				TARGETED_DEVICE_FAMILY = "1,2";
			};
			name = Release;
		};
/* End XCBuildConfiguration section */

/* Begin XCConfigurationList section */
		2526BA742642D8B5006F07BF /* Build configuration list for PBXProject "Not Hotdog?" */ = {
			isa = XCConfigurationList;
			buildConfigurations = (
				2526BA8B2642D8B7006F07BF /* Debug */,
				2526BA8C2642D8B7006F07BF /* Release */,
			);
			defaultConfigurationIsVisible = 0;
			defaultConfigurationName = Release;
		};
		2526BA8D2642D8B7006F07BF /* Build configuration list for PBXNativeTarget "Not Hotdog?" */ = {
			isa = XCConfigurationList;
			buildConfigurations = (
				2526BA8E2642D8B7006F07BF /* Debug */,
				2526BA8F2642D8B7006F07BF /* Release */,
			);
			defaultConfigurationIsVisible = 0;
			defaultConfigurationName = Release;
		};
/* End XCConfigurationList section */
	};
	rootObject = 2526BA712642D8B5006F07BF /* Project object */;
}
